
Microsoft Visual Studio Solution File, Format Version 12.00
# Visual Studio Express 2012 for Windows Desktop
Project("{FAE04EC0-301F-11D3-BF4B-00C04F79EFBC}") = "Lib", "Lib.csproj", "{7369C492-05C4-487C-B336-BC59007D20EE}"
EndProject
Project("{FAE04EC0-301F-11D3-BF4B-00C04F79EFBC}") = "Lib.Test", "Test\Lib.Test\Lib.Test.csproj", "{585F037D-F050-43C0-A2D8-60080D9FE785}"
EndProject
Global
	GlobalSection(SolutionConfigurationPlatforms) = preSolution
		Debug|Any CPU = Debug|Any CPU
		Release|Any CPU = Release|Any CPU
	EndGlobalSection
	GlobalSection(ProjectConfigurationPlatforms) = postSolution
		{7369C492-05C4-487C-B336-BC59007D20EE}.Debug|Any CPU.ActiveCfg = Debug|Any CPU
		{7369C492-05C4-487C-B336-BC59007D20EE}.Debug|Any CPU.Build.0 = Debug|Any CPU
		{7369C492-05C4-487C-B336-BC59007D20EE}.Release|Any CPU.ActiveCfg = Release|Any CPU
		{7369C492-05C4-487C-B336-BC59007D20EE}.Release|Any CPU.Build.0 = Release|Any CPU
		{585F037D-F050-43C0-A2D8-60080D9FE785}.Debug|Any CPU.ActiveCfg = Debug|Any CPU
		{585F037D-F050-43C0-A2D8-60080D9FE785}.Debug|Any CPU.Build.0 = Debug|Any CPU
		{585F037D-F050-43C0-A2D8-60080D9FE785}.Release|Any CPU.ActiveCfg = Release|Any CPU
		{585F037D-F050-43C0-A2D8-60080D9FE785}.Release|Any CPU.Build.0 = Release|Any CPU
	EndGlobalSection
	GlobalSection(SolutionProperties) = preSolution
		HideSolutionNode = FALSE
	EndGlobalSection
EndGlobal
